// !$*UTF8*$!
{
	archiveVersion = 1;
	classes = {
	};
	objectVersion = 46;
	objects = {

/* Begin PBXBuildFile section */
		3D03A4031F19A72D0090C1F0 /* main.m in Sources */ = {isa = PBXBuildFile; fileRef = 3D03A4021F19A72D0090C1F0 /* main.m */; };
		3D03A4061F19A72D0090C1F0 /* AppDelegate.m in Sources */ = {isa = PBXBuildFile; fileRef = 3D03A4051F19A72D0090C1F0 /* AppDelegate.m */; };
		3D03A4091F19A72D0090C1F0 /* ViewController.m in Sources */ = {isa = PBXBuildFile; fileRef = 3D03A4081F19A72D0090C1F0 /* ViewController.m */; };
		3D03A40C1F19A72D0090C1F0 /* Main.storyboard in Resources */ = {isa = PBXBuildFile; fileRef = 3D03A40A1F19A72D0090C1F0 /* Main.storyboard */; };
		3D03A40E1F19A72D0090C1F0 /* Assets.xcassets in Resources */ = {isa = PBXBuildFile; fileRef = 3D03A40D1F19A72D0090C1F0 /* Assets.xcassets */; };
		3D03A4111F19A72D0090C1F0 /* LaunchScreen.storyboard in Resources */ = {isa = PBXBuildFile; fileRef = 3D03A40F1F19A72D0090C1F0 /* LaunchScreen.storyboard */; };
		3D03A41C1F19A72D0090C1F0 /* _______item__Tests.m in Sources */ = {isa = PBXBuildFile; fileRef = 3D03A41B1F19A72D0090C1F0 /* _______item__Tests.m */; };
		3D03A4271F19A72D0090C1F0 /* _______item__UITests.m in Sources */ = {isa = PBXBuildFile; fileRef = 3D03A4261F19A72D0090C1F0 /* _______item__UITests.m */; };
/* End PBXBuildFile section */

/* Begin PBXContainerItemProxy section */
		3D03A4181F19A72D0090C1F0 /* PBXContainerItemProxy */ = {
			isa = PBXContainerItemProxy;
			containerPortal = 3D03A3F61F19A72D0090C1F0 /* Project object */;
			proxyType = 1;
			remoteGlobalIDString = 3D03A3FD1F19A72D0090C1F0;
			remoteInfo = "测试导航条左侧item响应";
		};
		3D03A4231F19A72D0090C1F0 /* PBXContainerItemProxy */ = {
			isa = PBXContainerItemProxy;
			containerPortal = 3D03A3F61F19A72D0090C1F0 /* Project object */;
			proxyType = 1;
			remoteGlobalIDString = 3D03A3FD1F19A72D0090C1F0;
			remoteInfo = "测试导航条左侧item响应";
		};
/* End PBXContainerItemProxy section */

/* Begin PBXFileReference section */
		3D03A3FE1F19A72D0090C1F0 /* 测试导航条左侧item响应.app */ = {isa = PBXFileReference; explicitFileType = wrapper.application; includeInIndex = 0; path = "测试导航条左侧item响应.app"; sourceTree = BUILT_PRODUCTS_DIR; };
		3D03A4021F19A72D0090C1F0 /* main.m */ = {isa = PBXFileReference; lastKnownFileType = sourcecode.c.objc; path = main.m; sourceTree = "<group>"; };
		3D03A4041F19A72D0090C1F0 /* AppDelegate.h */ = {isa = PBXFileReference; lastKnownFileType = sourcecode.c.h; path = AppDelegate.h; sourceTree = "<group>"; };
		3D03A4051F19A72D0090C1F0 /* AppDelegate.m */ = {isa = PBXFileReference; lastKnownFileType = sourcecode.c.objc; path = AppDelegate.m; sourceTree = "<group>"; };
		3D03A4071F19A72D0090C1F0 /* ViewController.h */ = {isa = PBXFileReference; lastKnownFileType = sourcecode.c.h; path = ViewController.h; sourceTree = "<group>"; };
		3D03A4081F19A72D0090C1F0 /* ViewController.m */ = {isa = PBXFileReference; lastKnownFileType = sourcecode.c.objc; path = ViewController.m; sourceTree = "<group>"; };
		3D03A40B1F19A72D0090C1F0 /* Base */ = {isa = PBXFileReference; lastKnownFileType = file.storyboard; name = Base; path = Base.lproj/Main.storyboard; sourceTree = "<group>"; };
		3D03A40D1F19A72D0090C1F0 /* Assets.xcassets */ = {isa = PBXFileReference; lastKnownFileType = folder.assetcatalog; path = Assets.xcassets; sourceTree = "<group>"; };
		3D03A4101F19A72D0090C1F0 /* Base */ = {isa = PBXFileReference; lastKnownFileType = file.storyboard; name = Base; path = Base.lproj/LaunchScreen.storyboard; sourceTree = "<group>"; };
		3D03A4121F19A72D0090C1F0 /* Info.plist */ = {isa = PBXFileReference; lastKnownFileType = text.plist.xml; path = Info.plist; sourceTree = "<group>"; };
		3D03A4171F19A72D0090C1F0 /* 测试导航条左侧item响应Tests.xctest */ = {isa = PBXFileReference; explicitFileType = wrapper.cfbundle; includeInIndex = 0; path = "测试导航条左侧item响应Tests.xctest"; sourceTree = BUILT_PRODUCTS_DIR; };
		3D03A41B1F19A72D0090C1F0 /* _______item__Tests.m */ = {isa = PBXFileReference; lastKnownFileType = sourcecode.c.objc; path = "_______item__Tests.m"; sourceTree = "<group>"; };
		3D03A41D1F19A72D0090C1F0 /* Info.plist */ = {isa = PBXFileReference; lastKnownFileType = text.plist.xml; path = Info.plist; sourceTree = "<group>"; };
		3D03A4221F19A72D0090C1F0 /* 测试导航条左侧item响应UITests.xctest */ = {isa = PBXFileReference; explicitFileType = wrapper.cfbundle; includeInIndex = 0; path = "测试导航条左侧item响应UITests.xctest"; sourceTree = BUILT_PRODUCTS_DIR; };
		3D03A4261F19A72D0090C1F0 /* _______item__UITests.m */ = {isa = PBXFileReference; lastKnownFileType = sourcecode.c.objc; path = "_______item__UITests.m"; sourceTree = "<group>"; };
		3D03A4281F19A72D0090C1F0 /* Info.plist */ = {isa = PBXFileReference; lastKnownFileType = text.plist.xml; path = Info.plist; sourceTree = "<group>"; };
/* End PBXFileReference section */

/* Begin PBXFrameworksBuildPhase section */
		3D03A3FB1F19A72D0090C1F0 /* Frameworks */ = {
			isa = PBXFrameworksBuildPhase;
			buildActionMask = 2147483647;
			files = (
			);
			runOnlyForDeploymentPostprocessing = 0;
		};
		3D03A4141F19A72D0090C1F0 /* Frameworks */ = {
			isa = PBXFrameworksBuildPhase;
			buildActionMask = 2147483647;
			files = (
			);
			runOnlyForDeploymentPostprocessing = 0;
		};
		3D03A41F1F19A72D0090C1F0 /* Frameworks */ = {
			isa = PBXFrameworksBuildPhase;
			buildActionMask = 2147483647;
			files = (
			);
			runOnlyForDeploymentPostprocessing = 0;
		};
/* End PBXFrameworksBuildPhase section */

/* Begin PBXGroup section */
		3D03A3F51F19A72D0090C1F0 = {
			isa = PBXGroup;
			children = (
				3D03A4001F19A72D0090C1F0 /* 测试导航条左侧item响应 */,
				3D03A41A1F19A72D0090C1F0 /* 测试导航条左侧item响应Tests */,
				3D03A4251F19A72D0090C1F0 /* 测试导航条左侧item响应UITests */,
				3D03A3FF1F19A72D0090C1F0 /* Products */,
			);
			sourceTree = "<group>";
		};
		3D03A3FF1F19A72D0090C1F0 /* Products */ = {
			isa = PBXGroup;
			children = (
				3D03A3FE1F19A72D0090C1F0 /* 测试导航条左侧item响应.app */,
				3D03A4171F19A72D0090C1F0 /* 测试导航条左侧item响应Tests.xctest */,
				3D03A4221F19A72D0090C1F0 /* 测试导航条左侧item响应UITests.xctest */,
			);
			name = Products;
			sourceTree = "<group>";
		};
		3D03A4001F19A72D0090C1F0 /* 测试导航条左侧item响应 */ = {
			isa = PBXGroup;
			children = (
				3D03A4041F19A72D0090C1F0 /* AppDelegate.h */,
				3D03A4051F19A72D0090C1F0 /* AppDelegate.m */,
				3D03A4071F19A72D0090C1F0 /* ViewController.h */,
				3D03A4081F19A72D0090C1F0 /* ViewController.m */,
				3D03A40A1F19A72D0090C1F0 /* Main.storyboard */,
				3D03A40D1F19A72D0090C1F0 /* Assets.xcassets */,
				3D03A40F1F19A72D0090C1F0 /* LaunchScreen.storyboard */,
				3D03A4121F19A72D0090C1F0 /* Info.plist */,
				3D03A4011F19A72D0090C1F0 /* Supporting Files */,
			);
			path = "测试导航条左侧item响应";
			sourceTree = "<group>";
		};
		3D03A4011F19A72D0090C1F0 /* Supporting Files */ = {
			isa = PBXGroup;
			children = (
				3D03A4021F19A72D0090C1F0 /* main.m */,
			);
			name = "Supporting Files";
			sourceTree = "<group>";
		};
		3D03A41A1F19A72D0090C1F0 /* 测试导航条左侧item响应Tests */ = {
			isa = PBXGroup;
			children = (
				3D03A41B1F19A72D0090C1F0 /* _______item__Tests.m */,
				3D03A41D1F19A72D0090C1F0 /* Info.plist */,
			);
			path = "测试导航条左侧item响应Tests";
			sourceTree = "<group>";
		};
		3D03A4251F19A72D0090C1F0 /* 测试导航条左侧item响应UITests */ = {
			isa = PBXGroup;
			children = (
				3D03A4261F19A72D0090C1F0 /* _______item__UITests.m */,
				3D03A4281F19A72D0090C1F0 /* Info.plist */,
			);
			path = "测试导航条左侧item响应UITests";
			sourceTree = "<group>";
		};
/* End PBXGroup section */

/* Begin PBXNativeTarget section */
		3D03A3FD1F19A72D0090C1F0 /* 测试导航条左侧item响应 */ = {
			isa = PBXNativeTarget;
			buildConfigurationList = 3D03A42B1F19A72D0090C1F0 /* Build configuration list for PBXNativeTarget "测试导航条左侧item响应" */;
			buildPhases = (
				3D03A3FA1F19A72D0090C1F0 /* Sources */,
				3D03A3FB1F19A72D0090C1F0 /* Frameworks */,
				3D03A3FC1F19A72D0090C1F0 /* Resources */,
			);
			buildRules = (
			);
			dependencies = (
			);
			name = "测试导航条左侧item响应";
			productName = "测试导航条左侧item响应";
			productReference = 3D03A3FE1F19A72D0090C1F0 /* 测试导航条左侧item响应.app */;
			productType = "com.apple.product-type.application";
		};
		3D03A4161F19A72D0090C1F0 /* 测试导航条左侧item响应Tests */ = {
			isa = PBXNativeTarget;
			buildConfigurationList = 3D03A42E1F19A72D0090C1F0 /* Build configuration list for PBXNativeTarget "测试导航条左侧item响应Tests" */;
			buildPhases = (
				3D03A4131F19A72D0090C1F0 /* Sources */,
				3D03A4141F19A72D0090C1F0 /* Frameworks */,
				3D03A4151F19A72D0090C1F0 /* Resources */,
			);
			buildRules = (
			);
			dependencies = (
				3D03A4191F19A72D0090C1F0 /* PBXTargetDependency */,
			);
			name = "测试导航条左侧item响应Tests";
			productName = "测试导航条左侧item响应Tests";
			productReference = 3D03A4171F19A72D0090C1F0 /* 测试导航条左侧item响应Tests.xctest */;
			productType = "com.apple.product-type.bundle.unit-test";
		};
		3D03A4211F19A72D0090C1F0 /* 测试导航条左侧item响应UITests */ = {
			isa = PBXNativeTarget;
			buildConfigurationList = 3D03A4311F19A72D0090C1F0 /* Build configuration list for PBXNativeTarget "测试导航条左侧item响应UITests" */;
			buildPhases = (
				3D03A41E1F19A72D0090C1F0 /* Sources */,
				3D03A41F1F19A72D0090C1F0 /* Frameworks */,
				3D03A4201F19A72D0090C1F0 /* Resources */,
			);
			buildRules = (
			);
			dependencies = (
				3D03A4241F19A72D0090C1F0 /* PBXTargetDependency */,
			);
			name = "测试导航条左侧item响应UITests";
			productName = "测试导航条左侧item响应UITests";
			productReference = 3D03A4221F19A72D0090C1F0 /* 测试导航条左侧item响应UITests.xctest */;
			productType = "com.apple.product-type.bundle.ui-testing";
		};
/* End PBXNativeTarget section */

/* Begin PBXProject section */
		3D03A3F61F19A72D0090C1F0 /* Project object */ = {
			isa = PBXProject;
			attributes = {
				LastUpgradeCheck = 0830;
				ORGANIZATIONNAME = "eiboran-imac5k";
				TargetAttributes = {
					3D03A3FD1F19A72D0090C1F0 = {
						CreatedOnToolsVersion = 8.3.3;
						ProvisioningStyle = Automatic;
					};
					3D03A4161F19A72D0090C1F0 = {
						CreatedOnToolsVersion = 8.3.3;
						ProvisioningStyle = Automatic;
						TestTargetID = 3D03A3FD1F19A72D0090C1F0;
					};
					3D03A4211F19A72D0090C1F0 = {
						CreatedOnToolsVersion = 8.3.3;
						ProvisioningStyle = Automatic;
						TestTargetID = 3D03A3FD1F19A72D0090C1F0;
					};
				};
			};
			buildConfigurationList = 3D03A3F91F19A72D0090C1F0 /* Build configuration list for PBXProject "测试导航条左侧item响应" */;
			compatibilityVersion = "Xcode 3.2";
			developmentRegion = English;
			hasScannedForEncodings = 0;
			knownRegions = (
				en,
				Base,
			);
			mainGroup = 3D03A3F51F19A72D0090C1F0;
			productRefGroup = 3D03A3FF1F19A72D0090C1F0 /* Products */;
			projectDirPath = "";
			projectRoot = "";
			targets = (
				3D03A3FD1F19A72D0090C1F0 /* 测试导航条左侧item响应 */,
				3D03A4161F19A72D0090C1F0 /* 测试导航条左侧item响应Tests */,
				3D03A4211F19A72D0090C1F0 /* 测试导航条左侧item响应UITests */,
			);
		};
/* End PBXProject section */

/* Begin PBXResourcesBuildPhase section */
		3D03A3FC1F19A72D0090C1F0 /* Resources */ = {
			isa = PBXResourcesBuildPhase;
			buildActionMask = 2147483647;
			files = (
				3D03A4111F19A72D0090C1F0 /* LaunchScreen.storyboard in Resources */,
				3D03A40E1F19A72D0090C1F0 /* Assets.xcassets in Resources */,
				3D03A40C1F19A72D0090C1F0 /* Main.storyboard in Resources */,
			);
			runOnlyForDeploymentPostprocessing = 0;
		};
		3D03A4151F19A72D0090C1F0 /* Resources */ = {
			isa = PBXResourcesBuildPhase;
			buildActionMask = 2147483647;
			files = (
			);
			runOnlyForDeploymentPostprocessing = 0;
		};
		3D03A4201F19A72D0090C1F0 /* Resources */ = {
			isa = PBXResourcesBuildPhase;
			buildActionMask = 2147483647;
			files = (
			);
			runOnlyForDeploymentPostprocessing = 0;
		};
/* End PBXResourcesBuildPhase section */

/* Begin PBXSourcesBuildPhase section */
		3D03A3FA1F19A72D0090C1F0 /* Sources */ = {
			isa = PBXSourcesBuildPhase;
			buildActionMask = 2147483647;
			files = (
				3D03A4091F19A72D0090C1F0 /* ViewController.m in Sources */,
				3D03A4061F19A72D0090C1F0 /* AppDelegate.m in Sources */,
				3D03A4031F19A72D0090C1F0 /* main.m in Sources */,
			);
			runOnlyForDeploymentPostprocessing = 0;
		};
		3D03A4131F19A72D0090C1F0 /* Sources */ = {
			isa = PBXSourcesBuildPhase;
			buildActionMask = 2147483647;
			files = (
				3D03A41C1F19A72D0090C1F0 /* _______item__Tests.m in Sources */,
			);
			runOnlyForDeploymentPostprocessing = 0;
		};
		3D03A41E1F19A72D0090C1F0 /* Sources */ = {
			isa = PBXSourcesBuildPhase;
			buildActionMask = 2147483647;
			files = (
				3D03A4271F19A72D0090C1F0 /* _______item__UITests.m in Sources */,
			);
			runOnlyForDeploymentPostprocessing = 0;
		};
/* End PBXSourcesBuildPhase section */

/* Begin PBXTargetDependency section */
		3D03A4191F19A72D0090C1F0 /* PBXTargetDependency */ = {
			isa = PBXTargetDependency;
			target = 3D03A3FD1F19A72D0090C1F0 /* 测试导航条左侧item响应 */;
			targetProxy = 3D03A4181F19A72D0090C1F0 /* PBXContainerItemProxy */;
		};
		3D03A4241F19A72D0090C1F0 /* PBXTargetDependency */ = {
			isa = PBXTargetDependency;
			target = 3D03A3FD1F19A72D0090C1F0 /* 测试导航条左侧item响应 */;
			targetProxy = 3D03A4231F19A72D0090C1F0 /* PBXContainerItemProxy */;
		};
/* End PBXTargetDependency section */

/* Begin PBXVariantGroup section */
		3D03A40A1F19A72D0090C1F0 /* Main.storyboard */ = {
			isa = PBXVariantGroup;
			children = (
				3D03A40B1F19A72D0090C1F0 /* Base */,
			);
			name = Main.storyboard;
			sourceTree = "<group>";
		};
		3D03A40F1F19A72D0090C1F0 /* LaunchScreen.storyboard */ = {
			isa = PBXVariantGroup;
			children = (
				3D03A4101F19A72D0090C1F0 /* Base */,
			);
			name = LaunchScreen.storyboard;
			sourceTree = "<group>";
		};
/* End PBXVariantGroup section */

/* Begin XCBuildConfiguration section */
		3D03A4291F19A72D0090C1F0 /* Debug */ = {
			isa = XCBuildConfiguration;
			buildSettings = {
				ALWAYS_SEARCH_USER_PATHS = NO;
				CLANG_ANALYZER_NONNULL = YES;
				CLANG_ANALYZER_NUMBER_OBJECT_CONVERSION = YES_AGGRESSIVE;
				CLANG_CXX_LANGUAGE_STANDARD = "gnu++0x";
				CLANG_CXX_LIBRARY = "libc++";
				CLANG_ENABLE_MODULES = YES;
				CLANG_ENABLE_OBJC_ARC = YES;
				CLANG_WARN_BOOL_CONVERSION = YES;
				CLANG_WARN_CONSTANT_CONVERSION = YES;
				CLANG_WARN_DIRECT_OBJC_ISA_USAGE = YES_ERROR;
				CLANG_WARN_DOCUMENTATION_COMMENTS = YES;
				CLANG_WARN_EMPTY_BODY = YES;
				CLANG_WARN_ENUM_CONVERSION = YES;
				CLANG_WARN_INFINITE_RECURSION = YES;
				CLANG_WARN_INT_CONVERSION = YES;
				CLANG_WARN_OBJC_ROOT_CLASS = YES_ERROR;
				CLANG_WARN_SUSPICIOUS_MOVE = YES;
				CLANG_WARN_UNREACHABLE_CODE = YES;
				CLANG_WARN__DUPLICATE_METHOD_MATCH = YES;
				"CODE_SIGN_IDENTITY[sdk=iphoneos*]" = "iPhone Developer";
				COPY_PHASE_STRIP = NO;
				DEBUG_INFORMATION_FORMAT = dwarf;
				ENABLE_STRICT_OBJC_MSGSEND = YES;
				ENABLE_TESTABILITY = YES;
				GCC_C_LANGUAGE_STANDARD = gnu99;
				GCC_DYNAMIC_NO_PIC = NO;
				GCC_NO_COMMON_BLOCKS = YES;
				GCC_OPTIMIZATION_LEVEL = 0;
				GCC_PREPROCESSOR_DEFINITIONS = (
					"DEBUG=1",
					"$(inherited)",
				);
				GCC_WARN_64_TO_32_BIT_CONVERSION = YES;
				GCC_WARN_ABOUT_RETURN_TYPE = YES_ERROR;
				GCC_WARN_UNDECLARED_SELECTOR = YES;
				GCC_WARN_UNINITIALIZED_AUTOS = YES_AGGRESSIVE;
				GCC_WARN_UNUSED_FUNCTION = YES;
				GCC_WARN_UNUSED_VARIABLE = YES;
				IPHONEOS_DEPLOYMENT_TARGET = 10.3;
				MTL_ENABLE_DEBUG_INFO = YES;
				ONLY_ACTIVE_ARCH = YES;
				SDKROOT = iphoneos;
				TARGETED_DEVICE_FAMILY = "1,2";
			};
			name = Debug;
		};
		3D03A42A1F19A72D0090C1F0 /* Release */ = {
			isa = XCBuildConfiguration;
			buildSettings = {
				ALWAYS_SEARCH_USER_PATHS = NO;
				CLANG_ANALYZER_NONNULL = YES;
				CLANG_ANALYZER_NUMBER_OBJECT_CONVERSION = YES_AGGRESSIVE;
				CLANG_CXX_LANGUAGE_STANDARD = "gnu++0x";
				CLANG_CXX_LIBRARY = "libc++";
				CLANG_ENABLE_MODULES = YES;
				CLANG_ENABLE_OBJC_ARC = YES;
				CLANG_WARN_BOOL_CONVERSION = YES;
				CLANG_WARN_CONSTANT_CONVERSION = YES;
				CLANG_WARN_DIRECT_OBJC_ISA_USAGE = YES_ERROR;
				CLANG_WARN_DOCUMENTATION_COMMENTS = YES;
				CLANG_WARN_EMPTY_BODY = YES;
				CLANG_WARN_ENUM_CONVERSION = YES;
				CLANG_WARN_INFINITE_RECURSION = YES;
				CLANG_WARN_INT_CONVERSION = YES;
				CLANG_WARN_OBJC_ROOT_CLASS = YES_ERROR;
				CLANG_WARN_SUSPICIOUS_MOVE = YES;
				CLANG_WARN_UNREACHABLE_CODE = YES;
				CLANG_WARN__DUPLICATE_METHOD_MATCH = YES;
				"CODE_SIGN_IDENTITY[sdk=iphoneos*]" = "iPhone Developer";
				COPY_PHASE_STRIP = NO;
				DEBUG_INFORMATION_FORMAT = "dwarf-with-dsym";
				ENABLE_NS_ASSERTIONS = NO;
				ENABLE_STRICT_OBJC_MSGSEND = YES;
				GCC_C_LANGUAGE_STANDARD = gnu99;
				GCC_NO_COMMON_BLOCKS = YES;
				GCC_WARN_64_TO_32_BIT_CONVERSION = YES;
				GCC_WARN_ABOUT_RETURN_TYPE = YES_ERROR;
				GCC_WARN_UNDECLARED_SELECTOR = YES;
				GCC_WARN_UNINITIALIZED_AUTOS = YES_AGGRESSIVE;
				GCC_WARN_UNUSED_FUNCTION = YES;
				GCC_WARN_UNUSED_VARIABLE = YES;
				IPHONEOS_DEPLOYMENT_TARGET = 10.3;
				MTL_ENABLE_DEBUG_INFO = NO;
				SDKROOT = iphoneos;
				TARGETED_DEVICE_FAMILY = "1,2";
				VALIDATE_PRODUCT = YES;
			};
			name = Release;
		};
		3D03A42C1F19A72D0090C1F0 /* Debug */ = {
			isa = XCBuildConfiguration;
			buildSettings = {
				ASSETCATALOG_COMPILER_APPICON_NAME = AppIcon;
				INFOPLIST_FILE = "测试导航条左侧item响应/Info.plist";
				LD_RUNPATH_SEARCH_PATHS = "$(inherited) @executable_path/Frameworks";
				PRODUCT_BUNDLE_IDENTIFIER = "eiboran.com.-------item--";
				PRODUCT_NAME = "$(TARGET_NAME)";
			};
			name = Debug;
		};
		3D03A42D1F19A72D0090C1F0 /* Release */ = {
			isa = XCBuildConfiguration;
			buildSettings = {
				ASSETCATALOG_COMPILER_APPICON_NAME = AppIcon;
				INFOPLIST_FILE = "测试导航条左侧item响应/Info.plist";
				LD_RUNPATH_SEARCH_PATHS = "$(inherited) @executable_path/Frameworks";
				PRODUCT_BUNDLE_IDENTIFIER = "eiboran.com.-------item--";
				PRODUCT_NAME = "$(TARGET_NAME)";
			};
			name = Release;
		};
		3D03A42F1F19A72D0090C1F0 /* Debug */ = {
			isa = XCBuildConfiguration;
			buildSettings = {
				BUNDLE_LOADER = "$(TEST_HOST)";
				INFOPLIST_FILE = "测试导航条左侧item响应Tests/Info.plist";
				LD_RUNPATH_SEARCH_PATHS = "$(inherited) @executable_path/Frameworks @loader_path/Frameworks";
				PRODUCT_BUNDLE_IDENTIFIER = "eiboran.com.-------item--Tests";
				PRODUCT_NAME = "$(TARGET_NAME)";
				TEST_HOST = "$(BUILT_PRODUCTS_DIR)/测试导航条左侧item响应.app/测试导航条左侧item响应";
			};
			name = Debug;
		};
		3D03A4301F19A72D0090C1F0 /* Release */ = {
			isa = XCBuildConfiguration;
			buildSettings = {
				BUNDLE_LOADER = "$(TEST_HOST)";
				INFOPLIST_FILE = "测试导航条左侧item响应Tests/Info.plist";
				LD_RUNPATH_SEARCH_PATHS = "$(inherited) @executable_path/Frameworks @loader_path/Frameworks";
				PRODUCT_BUNDLE_IDENTIFIER = "eiboran.com.-------item--Tests";
				PRODUCT_NAME = "$(TARGET_NAME)";
				TEST_HOST = "$(BUILT_PRODUCTS_DIR)/测试导航条左侧item响应.app/测试导航条左侧item响应";
			};
			name = Release;
		};
		3D03A4321F19A72D0090C1F0 /* Debug */ = {
			isa = XCBuildConfiguration;
			buildSettings = {
				INFOPLIST_FILE = "测试导航条左侧item响应UITests/Info.plist";
				LD_RUNPATH_SEARCH_PATHS = "$(inherited) @executable_path/Frameworks @loader_path/Frameworks";
				PRODUCT_BUNDLE_IDENTIFIER = "eiboran.com.-------item--UITests";
				PRODUCT_NAME = "$(TARGET_NAME)";
				TEST_TARGET_NAME = "测试导航条左侧item响应";
			};
			name = Debug;
		};
		3D03A4331F19A72D0090C1F0 /* Release */ = {
			isa = XCBuildConfiguration;
			buildSettings = {
				INFOPLIST_FILE = "测试导航条左侧item响应UITests/Info.plist";
				LD_RUNPATH_SEARCH_PATHS = "$(inherited) @executable_path/Frameworks @loader_path/Frameworks";
				PRODUCT_BUNDLE_IDENTIFIER = "eiboran.com.-------item--UITests";
				PRODUCT_NAME = "$(TARGET_NAME)";
				TEST_TARGET_NAME = "测试导航条左侧item响应";
			};
			name = Release;
		};
/* End XCBuildConfiguration section */

/* Begin XCConfigurationList section */
		3D03A3F91F19A72D0090C1F0 /* Build configuration list for PBXProject "测试导航条左侧item响应" */ = {
			isa = XCConfigurationList;
			buildConfigurations = (
				3D03A4291F19A72D0090C1F0 /* Debug */,
				3D03A42A1F19A72D0090C1F0 /* Release */,
			);
			defaultConfigurationIsVisible = 0;
			defaultConfigurationName = Release;
		};
		3D03A42B1F19A72D0090C1F0 /* Build configuration list for PBXNativeTarget "测试导航条左侧item响应" */ = {
			isa = XCConfigurationList;
			buildConfigurations = (
				3D03A42C1F19A72D0090C1F0 /* Debug */,
				3D03A42D1F19A72D0090C1F0 /* Release */,
			);
			defaultConfigurationIsVisible = 0;
		};
		3D03A42E1F19A72D0090C1F0 /* Build configuration list for PBXNativeTarget "测试导航条左侧item响应Tests" */ = {
			isa = XCConfigurationList;
			buildConfigurations = (
				3D03A42F1F19A72D0090C1F0 /* Debug */,
				3D03A4301F19A72D0090C1F0 /* Release */,
			);
			defaultConfigurationIsVisible = 0;
		};
		3D03A4311F19A72D0090C1F0 /* Build configuration list for PBXNativeTarget "测试导航条左侧item响应UITests" */ = {
			isa = XCConfigurationList;
			buildConfigurations = (
				3D03A4321F19A72D0090C1F0 /* Debug */,
				3D03A4331F19A72D0090C1F0 /* Release */,
			);
			defaultConfigurationIsVisible = 0;
		};
/* End XCConfigurationList section */
	};
	rootObject = 3D03A3F61F19A72D0090C1F0 /* Project object */;
}
